// !$*UTF8*$!
{
	archiveVersion = 1;
	classes = {
	};
	objectVersion = 50;
	objects = {

/* Begin PBXBuildFile section */
		190BA85E216C3B200060CE9A /* AppDelegate.swift in Sources */ = {isa = PBXBuildFile; fileRef = 190BA85D216C3B200060CE9A /* AppDelegate.swift */; };
		190BA860216C3B200060CE9A /* CoinsController.swift in Sources */ = {isa = PBXBuildFile; fileRef = 190BA85F216C3B200060CE9A /* CoinsController.swift */; };
		190BA863216C3B200060CE9A /* Main.storyboard in Resources */ = {isa = PBXBuildFile; fileRef = 190BA861216C3B200060CE9A /* Main.storyboard */; };
		190BA865216C3B220060CE9A /* Assets.xcassets in Resources */ = {isa = PBXBuildFile; fileRef = 190BA864216C3B220060CE9A /* Assets.xcassets */; };
		190BA868216C3B220060CE9A /* LaunchScreen.storyboard in Resources */ = {isa = PBXBuildFile; fileRef = 190BA866216C3B220060CE9A /* LaunchScreen.storyboard */; };
		190BA876216C3CDC0060CE9A /* SymbilityRequest.swift in Sources */ = {isa = PBXBuildFile; fileRef = 190BA875216C3CDC0060CE9A /* SymbilityRequest.swift */; };
		190BA878216C3D0D0060CE9A /* RequestError.swift in Sources */ = {isa = PBXBuildFile; fileRef = 190BA877216C3D0D0060CE9A /* RequestError.swift */; };
		190BA87B216C3DA60060CE9A /* SymbilityTheme.swift in Sources */ = {isa = PBXBuildFile; fileRef = 190BA87A216C3DA60060CE9A /* SymbilityTheme.swift */; };
		190BA87D216C3E1E0060CE9A /* CoinsViewModel.swift in Sources */ = {isa = PBXBuildFile; fileRef = 190BA87C216C3E1E0060CE9A /* CoinsViewModel.swift */; };
		190BA880216C3E8C0060CE9A /* CoinImageView.swift in Sources */ = {isa = PBXBuildFile; fileRef = 190BA87F216C3E8C0060CE9A /* CoinImageView.swift */; };
		190BA882216C3EBB0060CE9A /* NavTitleView.swift in Sources */ = {isa = PBXBuildFile; fileRef = 190BA881216C3EBB0060CE9A /* NavTitleView.swift */; };
		190BA884216C40850060CE9A /* CoinsConstant.swift in Sources */ = {isa = PBXBuildFile; fileRef = 190BA883216C40850060CE9A /* CoinsConstant.swift */; };
		190BA886216C425B0060CE9A /* CoinsCell.swift in Sources */ = {isa = PBXBuildFile; fileRef = 190BA885216C425B0060CE9A /* CoinsCell.swift */; };
		190BA889216CE49D0060CE9A /* CoinPriceLabel.swift in Sources */ = {isa = PBXBuildFile; fileRef = 190BA888216CE49D0060CE9A /* CoinPriceLabel.swift */; };
		19112ECC216D48F700555C74 /* CoinsHeaderCell.swift in Sources */ = {isa = PBXBuildFile; fileRef = 19112ECB216D48F700555C74 /* CoinsHeaderCell.swift */; };
/* End PBXBuildFile section */

/* Begin PBXFileReference section */
		190BA85A216C3B200060CE9A /* SymbilityIntersect-CodeChallenge1.app */ = {isa = PBXFileReference; explicitFileType = wrapper.application; includeInIndex = 0; path = "SymbilityIntersect-CodeChallenge1.app"; sourceTree = BUILT_PRODUCTS_DIR; };
		190BA85D216C3B200060CE9A /* AppDelegate.swift */ = {isa = PBXFileReference; lastKnownFileType = sourcecode.swift; path = AppDelegate.swift; sourceTree = "<group>"; };
		190BA85F216C3B200060CE9A /* CoinsController.swift */ = {isa = PBXFileReference; lastKnownFileType = sourcecode.swift; path = CoinsController.swift; sourceTree = "<group>"; };
		190BA862216C3B200060CE9A /* Base */ = {isa = PBXFileReference; lastKnownFileType = file.storyboard; name = Base; path = Base.lproj/Main.storyboard; sourceTree = "<group>"; };
		190BA864216C3B220060CE9A /* Assets.xcassets */ = {isa = PBXFileReference; lastKnownFileType = folder.assetcatalog; path = Assets.xcassets; sourceTree = "<group>"; };
		190BA867216C3B220060CE9A /* Base */ = {isa = PBXFileReference; lastKnownFileType = file.storyboard; name = Base; path = Base.lproj/LaunchScreen.storyboard; sourceTree = "<group>"; };
		190BA869216C3B220060CE9A /* Info.plist */ = {isa = PBXFileReference; lastKnownFileType = text.plist.xml; path = Info.plist; sourceTree = "<group>"; };
		190BA875216C3CDC0060CE9A /* SymbilityRequest.swift */ = {isa = PBXFileReference; lastKnownFileType = sourcecode.swift; name = SymbilityRequest.swift; path = "SymbilityIntersect-CodeChallenge1/Modules/SymbilityRequest.swift"; sourceTree = SOURCE_ROOT; };
		190BA877216C3D0D0060CE9A /* RequestError.swift */ = {isa = PBXFileReference; lastKnownFileType = sourcecode.swift; name = RequestError.swift; path = "SymbilityIntersect-CodeChallenge1/Modules/RequestError.swift"; sourceTree = SOURCE_ROOT; };
		190BA87A216C3DA60060CE9A /* SymbilityTheme.swift */ = {isa = PBXFileReference; lastKnownFileType = sourcecode.swift; path = SymbilityTheme.swift; sourceTree = "<group>"; };
		190BA87C216C3E1E0060CE9A /* CoinsViewModel.swift */ = {isa = PBXFileReference; lastKnownFileType = sourcecode.swift; path = CoinsViewModel.swift; sourceTree = "<group>"; };
		190BA87F216C3E8C0060CE9A /* CoinImageView.swift */ = {isa = PBXFileReference; lastKnownFileType = sourcecode.swift; path = CoinImageView.swift; sourceTree = "<group>"; };
		190BA881216C3EBB0060CE9A /* NavTitleView.swift */ = {isa = PBXFileReference; lastKnownFileType = sourcecode.swift; path = NavTitleView.swift; sourceTree = "<group>"; };
		190BA883216C40850060CE9A /* CoinsConstant.swift */ = {isa = PBXFileReference; lastKnownFileType = sourcecode.swift; path = CoinsConstant.swift; sourceTree = "<group>"; };
		190BA885216C425B0060CE9A /* CoinsCell.swift */ = {isa = PBXFileReference; lastKnownFileType = sourcecode.swift; path = CoinsCell.swift; sourceTree = "<group>"; };
		190BA888216CE49D0060CE9A /* CoinPriceLabel.swift */ = {isa = PBXFileReference; lastKnownFileType = sourcecode.swift; path = CoinPriceLabel.swift; sourceTree = "<group>"; };
		19112ECB216D48F700555C74 /* CoinsHeaderCell.swift */ = {isa = PBXFileReference; lastKnownFileType = sourcecode.swift; path = CoinsHeaderCell.swift; sourceTree = "<group>"; };
/* End PBXFileReference section */

/* Begin PBXFrameworksBuildPhase section */
		190BA857216C3B200060CE9A /* Frameworks */ = {
			isa = PBXFrameworksBuildPhase;
			buildActionMask = 2147483647;
			files = (
			);
			runOnlyForDeploymentPostprocessing = 0;
		};
/* End PBXFrameworksBuildPhase section */

/* Begin PBXGroup section */
		190BA851216C3B200060CE9A = {
			isa = PBXGroup;
			children = (
				190BA85C216C3B200060CE9A /* SymbilityIntersect-CodeChallenge1 */,
				190BA85B216C3B200060CE9A /* Products */,
			);
			sourceTree = "<group>";
		};
		190BA85B216C3B200060CE9A /* Products */ = {
			isa = PBXGroup;
			children = (
				190BA85A216C3B200060CE9A /* SymbilityIntersect-CodeChallenge1.app */,
			);
			name = Products;
			sourceTree = "<group>";
		};
		190BA85C216C3B200060CE9A /* SymbilityIntersect-CodeChallenge1 */ = {
			isa = PBXGroup;
			children = (
				190BA873216C3CB30060CE9A /* Managers */,
				190BA872216C3C970060CE9A /* Constants */,
				190BA871216C3C8D0060CE9A /* Modules */,
				190BA870216C3C6B0060CE9A /* Assets */,
				190BA86F216C3BC00060CE9A /* Root */,
				190BA869216C3B220060CE9A /* Info.plist */,
			);
			path = "SymbilityIntersect-CodeChallenge1";
			sourceTree = "<group>";
		};
		190BA86F216C3BC00060CE9A /* Root */ = {
			isa = PBXGroup;
			children = (
				190BA85D216C3B200060CE9A /* AppDelegate.swift */,
				190BA866216C3B220060CE9A /* LaunchScreen.storyboard */,
				190BA861216C3B200060CE9A /* Main.storyboard */,
			);
			path = Root;
			sourceTree = "<group>";
		};
		190BA870216C3C6B0060CE9A /* Assets */ = {
			isa = PBXGroup;
			children = (
				190BA864216C3B220060CE9A /* Assets.xcassets */,
			);
			path = Assets;
			sourceTree = "<group>";
		};
		190BA871216C3C8D0060CE9A /* Modules */ = {
			isa = PBXGroup;
			children = (
				190BA87E216C3E440060CE9A /* Accessory */,
				190BA879216C3D890060CE9A /* CoinList */,
			);
			path = Modules;
			sourceTree = "<group>";
		};
		190BA872216C3C970060CE9A /* Constants */ = {
			isa = PBXGroup;
			children = (
				190BA87A216C3DA60060CE9A /* SymbilityTheme.swift */,
			);
			path = Constants;
			sourceTree = "<group>";
		};
		190BA873216C3CB30060CE9A /* Managers */ = {
			isa = PBXGroup;
			children = (
				190BA874216C3CC00060CE9A /* RequestManager */,
			);
			path = Managers;
			sourceTree = "<group>";
		};
		190BA874216C3CC00060CE9A /* RequestManager */ = {
			isa = PBXGroup;
			children = (
				190BA875216C3CDC0060CE9A /* SymbilityRequest.swift */,
				190BA877216C3D0D0060CE9A /* RequestError.swift */,
			);
			path = RequestManager;
			sourceTree = "<group>";
		};
		190BA879216C3D890060CE9A /* CoinList */ = {
			isa = PBXGroup;
			children = (
				19112ECE216D4BC300555C74 /* Accessory */,
				190BA887216C42600060CE9A /* Cells */,
				190BA85F216C3B200060CE9A /* CoinsController.swift */,
				190BA87C216C3E1E0060CE9A /* CoinsViewModel.swift */,
				190BA883216C40850060CE9A /* CoinsConstant.swift */,
			);
			path = CoinList;
			sourceTree = "<group>";
		};
		190BA87E216C3E440060CE9A /* Accessory */ = {
			isa = PBXGroup;
			children = (
				190BA881216C3EBB0060CE9A /* NavTitleView.swift */,
			);
			path = Accessory;
			sourceTree = "<group>";
		};
		190BA887216C42600060CE9A /* Cells */ = {
			isa = PBXGroup;
			children = (
				190BA885216C425B0060CE9A /* CoinsCell.swift */,
				19112ECB216D48F700555C74 /* CoinsHeaderCell.swift */,
			);
			path = Cells;
			sourceTree = "<group>";
		};
		19112ECE216D4BC300555C74 /* Accessory */ = {
			isa = PBXGroup;
			children = (
				190BA888216CE49D0060CE9A /* CoinPriceLabel.swift */,
				190BA87F216C3E8C0060CE9A /* CoinImageView.swift */,
			);
			path = Accessory;
			sourceTree = "<group>";
		};
/* End PBXGroup section */

/* Begin PBXNativeTarget section */
		190BA859216C3B200060CE9A /* SymbilityIntersect-CodeChallenge1 */ = {
			isa = PBXNativeTarget;
			buildConfigurationList = 190BA86C216C3B220060CE9A /* Build configuration list for PBXNativeTarget "SymbilityIntersect-CodeChallenge1" */;
			buildPhases = (
				190BA856216C3B200060CE9A /* Sources */,
				190BA857216C3B200060CE9A /* Frameworks */,
				190BA858216C3B200060CE9A /* Resources */,
			);
			buildRules = (
			);
			dependencies = (
			);
			name = "SymbilityIntersect-CodeChallenge1";
			productName = "SymbilityIntersect-CodeChallenge1";
			productReference = 190BA85A216C3B200060CE9A /* SymbilityIntersect-CodeChallenge1.app */;
			productType = "com.apple.product-type.application";
		};
/* End PBXNativeTarget section */

/* Begin PBXProject section */
		190BA852216C3B200060CE9A /* Project object */ = {
			isa = PBXProject;
			attributes = {
				LastSwiftUpdateCheck = 0940;
				LastUpgradeCheck = 0940;
				ORGANIZATIONNAME = "Nishant Hooda";
				TargetAttributes = {
					190BA859216C3B200060CE9A = {
						CreatedOnToolsVersion = 9.4.1;
					};
				};
			};
			buildConfigurationList = 190BA855216C3B200060CE9A /* Build configuration list for PBXProject "SymbilityIntersect-CodeChallenge1" */;
			compatibilityVersion = "Xcode 9.3";
			developmentRegion = en;
			hasScannedForEncodings = 0;
			knownRegions = (
				en,
				Base,
			);
			mainGroup = 190BA851216C3B200060CE9A;
			productRefGroup = 190BA85B216C3B200060CE9A /* Products */;
			projectDirPath = "";
			projectRoot = "";
			targets = (
				190BA859216C3B200060CE9A /* SymbilityIntersect-CodeChallenge1 */,
			);
		};
/* End PBXProject section */

/* Begin PBXResourcesBuildPhase section */
		190BA858216C3B200060CE9A /* Resources */ = {
			isa = PBXResourcesBuildPhase;
			buildActionMask = 2147483647;
			files = (
				190BA868216C3B220060CE9A /* LaunchScreen.storyboard in Resources */,
				190BA865216C3B220060CE9A /* Assets.xcassets in Resources */,
				190BA863216C3B200060CE9A /* Main.storyboard in Resources */,
			);
			runOnlyForDeploymentPostprocessing = 0;
		};
/* End PBXResourcesBuildPhase section */

/* Begin PBXSourcesBuildPhase section */
		190BA856216C3B200060CE9A /* Sources */ = {
			isa = PBXSourcesBuildPhase;
			buildActionMask = 2147483647;
			files = (
				190BA878216C3D0D0060CE9A /* RequestError.swift in Sources */,
				190BA87D216C3E1E0060CE9A /* CoinsViewModel.swift in Sources */,
				190BA889216CE49D0060CE9A /* CoinPriceLabel.swift in Sources */,
				190BA876216C3CDC0060CE9A /* SymbilityRequest.swift in Sources */,
				190BA87B216C3DA60060CE9A /* SymbilityTheme.swift in Sources */,
				190BA860216C3B200060CE9A /* CoinsController.swift in Sources */,
				190BA880216C3E8C0060CE9A /* CoinImageView.swift in Sources */,
				190BA886216C425B0060CE9A /* CoinsCell.swift in Sources */,
				190BA884216C40850060CE9A /* CoinsConstant.swift in Sources */,
				19112ECC216D48F700555C74 /* CoinsHeaderCell.swift in Sources */,
				190BA85E216C3B200060CE9A /* AppDelegate.swift in Sources */,
				190BA882216C3EBB0060CE9A /* NavTitleView.swift in Sources */,
			);
			runOnlyForDeploymentPostprocessing = 0;
		};
/* End PBXSourcesBuildPhase section */

/* Begin PBXVariantGroup section */
		190BA861216C3B200060CE9A /* Main.storyboard */ = {
			isa = PBXVariantGroup;
			children = (
				190BA862216C3B200060CE9A /* Base */,
			);
			name = Main.storyboard;
			sourceTree = "<group>";
		};
		190BA866216C3B220060CE9A /* LaunchScreen.storyboard */ = {
			isa = PBXVariantGroup;
			children = (
				190BA867216C3B220060CE9A /* Base */,
			);
			name = LaunchScreen.storyboard;
			sourceTree = "<group>";
		};
/* End PBXVariantGroup section */

/* Begin XCBuildConfiguration section */
		190BA86A216C3B220060CE9A /* Debug */ = {
			isa = XCBuildConfiguration;
			buildSettings = {
				ALWAYS_SEARCH_USER_PATHS = NO;
				CLANG_ANALYZER_NONNULL = YES;
				CLANG_ANALYZER_NUMBER_OBJECT_CONVERSION = YES_AGGRESSIVE;
				CLANG_CXX_LANGUAGE_STANDARD = "gnu++14";
				CLANG_CXX_LIBRARY = "libc++";
				CLANG_ENABLE_MODULES = YES;
				CLANG_ENABLE_OBJC_ARC = YES;
				CLANG_ENABLE_OBJC_WEAK = YES;
				CLANG_WARN_BLOCK_CAPTURE_AUTORELEASING = YES;
				CLANG_WARN_BOOL_CONVERSION = YES;
				CLANG_WARN_COMMA = YES;
				CLANG_WARN_CONSTANT_CONVERSION = YES;
				CLANG_WARN_DEPRECATED_OBJC_IMPLEMENTATIONS = YES;
				CLANG_WARN_DIRECT_OBJC_ISA_USAGE = YES_ERROR;
				CLANG_WARN_DOCUMENTATION_COMMENTS = YES;
				CLANG_WARN_EMPTY_BODY = YES;
				CLANG_WARN_ENUM_CONVERSION = YES;
				CLANG_WARN_INFINITE_RECURSION = YES;
				CLANG_WARN_INT_CONVERSION = YES;
				CLANG_WARN_NON_LITERAL_NULL_CONVERSION = YES;
				CLANG_WARN_OBJC_IMPLICIT_RETAIN_SELF = YES;
				CLANG_WARN_OBJC_LITERAL_CONVERSION = YES;
				CLANG_WARN_OBJC_ROOT_CLASS = YES_ERROR;
				CLANG_WARN_RANGE_LOOP_ANALYSIS = YES;
				CLANG_WARN_STRICT_PROTOTYPES = YES;
				CLANG_WARN_SUSPICIOUS_MOVE = YES;
				CLANG_WARN_UNGUARDED_AVAILABILITY = YES_AGGRESSIVE;
				CLANG_WARN_UNREACHABLE_CODE = YES;
				CLANG_WARN__DUPLICATE_METHOD_MATCH = YES;
				CODE_SIGN_IDENTITY = "iPhone Developer";
				COPY_PHASE_STRIP = NO;
				DEBUG_INFORMATION_FORMAT = dwarf;
				ENABLE_STRICT_OBJC_MSGSEND = YES;
				ENABLE_TESTABILITY = YES;
				GCC_C_LANGUAGE_STANDARD = gnu11;
				GCC_DYNAMIC_NO_PIC = NO;
				GCC_NO_COMMON_BLOCKS = YES;
				GCC_OPTIMIZATION_LEVEL = 0;
				GCC_PREPROCESSOR_DEFINITIONS = (
					"DEBUG=1",
					"$(inherited)",
				);
				GCC_WARN_64_TO_32_BIT_CONVERSION = YES;
				GCC_WARN_ABOUT_RETURN_TYPE = YES_ERROR;
				GCC_WARN_UNDECLARED_SELECTOR = YES;
				GCC_WARN_UNINITIALIZED_AUTOS = YES_AGGRESSIVE;
				GCC_WARN_UNUSED_FUNCTION = YES;
				GCC_WARN_UNUSED_VARIABLE = YES;
				IPHONEOS_DEPLOYMENT_TARGET = 11.4;
				MTL_ENABLE_DEBUG_INFO = YES;
				ONLY_ACTIVE_ARCH = YES;
				SDKROOT = iphoneos;
				SWIFT_ACTIVE_COMPILATION_CONDITIONS = DEBUG;
				SWIFT_OPTIMIZATION_LEVEL = "-Onone";
			};
			name = Debug;
		};
		190BA86B216C3B220060CE9A /* Release */ = {
			isa = XCBuildConfiguration;
			buildSettings = {
				ALWAYS_SEARCH_USER_PATHS = NO;
				CLANG_ANALYZER_NONNULL = YES;
				CLANG_ANALYZER_NUMBER_OBJECT_CONVERSION = YES_AGGRESSIVE;
				CLANG_CXX_LANGUAGE_STANDARD = "gnu++14";
				CLANG_CXX_LIBRARY = "libc++";
				CLANG_ENABLE_MODULES = YES;
				CLANG_ENABLE_OBJC_ARC = YES;
				CLANG_ENABLE_OBJC_WEAK = YES;
				CLANG_WARN_BLOCK_CAPTURE_AUTORELEASING = YES;
				CLANG_WARN_BOOL_CONVERSION = YES;
				CLANG_WARN_COMMA = YES;
				CLANG_WARN_CONSTANT_CONVERSION = YES;
				CLANG_WARN_DEPRECATED_OBJC_IMPLEMENTATIONS = YES;
				CLANG_WARN_DIRECT_OBJC_ISA_USAGE = YES_ERROR;
				CLANG_WARN_DOCUMENTATION_COMMENTS = YES;
				CLANG_WARN_EMPTY_BODY = YES;
				CLANG_WARN_ENUM_CONVERSION = YES;
				CLANG_WARN_INFINITE_RECURSION = YES;
				CLANG_WARN_INT_CONVERSION = YES;
				CLANG_WARN_NON_LITERAL_NULL_CONVERSION = YES;
				CLANG_WARN_OBJC_IMPLICIT_RETAIN_SELF = YES;
				CLANG_WARN_OBJC_LITERAL_CONVERSION = YES;
				CLANG_WARN_OBJC_ROOT_CLASS = YES_ERROR;
				CLANG_WARN_RANGE_LOOP_ANALYSIS = YES;
				CLANG_WARN_STRICT_PROTOTYPES = YES;
				CLANG_WARN_SUSPICIOUS_MOVE = YES;
				CLANG_WARN_UNGUARDED_AVAILABILITY = YES_AGGRESSIVE;
				CLANG_WARN_UNREACHABLE_CODE = YES;
				CLANG_WARN__DUPLICATE_METHOD_MATCH = YES;
				CODE_SIGN_IDENTITY = "iPhone Developer";
				COPY_PHASE_STRIP = NO;
				DEBUG_INFORMATION_FORMAT = "dwarf-with-dsym";
				ENABLE_NS_ASSERTIONS = NO;
				ENABLE_STRICT_OBJC_MSGSEND = YES;
				GCC_C_LANGUAGE_STANDARD = gnu11;
				GCC_NO_COMMON_BLOCKS = YES;
				GCC_WARN_64_TO_32_BIT_CONVERSION = YES;
				GCC_WARN_ABOUT_RETURN_TYPE = YES_ERROR;
				GCC_WARN_UNDECLARED_SELECTOR = YES;
				GCC_WARN_UNINITIALIZED_AUTOS = YES_AGGRESSIVE;
				GCC_WARN_UNUSED_FUNCTION = YES;
				GCC_WARN_UNUSED_VARIABLE = YES;
				IPHONEOS_DEPLOYMENT_TARGET = 11.4;
				MTL_ENABLE_DEBUG_INFO = NO;
				SDKROOT = iphoneos;
				SWIFT_COMPILATION_MODE = wholemodule;
				SWIFT_OPTIMIZATION_LEVEL = "-O";
				VALIDATE_PRODUCT = YES;
			};
			name = Release;
		};
		190BA86D216C3B220060CE9A /* Debug */ = {
			isa = XCBuildConfiguration;
			buildSettings = {
				ASSETCATALOG_COMPILER_APPICON_NAME = AppIcon;
				CODE_SIGN_STYLE = Automatic;
				INFOPLIST_FILE = "SymbilityIntersect-CodeChallenge1/Info.plist";
				LD_RUNPATH_SEARCH_PATHS = (
					"$(inherited)",
					"@executable_path/Frameworks",
				);
				PRODUCT_BUNDLE_IDENTIFIER = "n3hooda.SymbilityIntersect-CodeChallenge1";
				PRODUCT_NAME = "$(TARGET_NAME)";
				SWIFT_VERSION = 4.0;
				TARGETED_DEVICE_FAMILY = "1,2";
			};
			name = Debug;
		};
		190BA86E216C3B220060CE9A /* Release */ = {
			isa = XCBuildConfiguration;
			buildSettings = {
				ASSETCATALOG_COMPILER_APPICON_NAME = AppIcon;
				CODE_SIGN_STYLE = Automatic;
				INFOPLIST_FILE = "SymbilityIntersect-CodeChallenge1/Info.plist";
				LD_RUNPATH_SEARCH_PATHS = (
					"$(inherited)",
					"@executable_path/Frameworks",
				);
				PRODUCT_BUNDLE_IDENTIFIER = "n3hooda.SymbilityIntersect-CodeChallenge1";
				PRODUCT_NAME = "$(TARGET_NAME)";
				SWIFT_VERSION = 4.0;
				TARGETED_DEVICE_FAMILY = "1,2";
			};
			name = Release;
		};
/* End XCBuildConfiguration section */

/* Begin XCConfigurationList section */
		190BA855216C3B200060CE9A /* Build configuration list for PBXProject "SymbilityIntersect-CodeChallenge1" */ = {
			isa = XCConfigurationList;
			buildConfigurations = (
				190BA86A216C3B220060CE9A /* Debug */,
				190BA86B216C3B220060CE9A /* Release */,
			);
			defaultConfigurationIsVisible = 0;
			defaultConfigurationName = Release;
		};
		190BA86C216C3B220060CE9A /* Build configuration list for PBXNativeTarget "SymbilityIntersect-CodeChallenge1" */ = {
			isa = XCConfigurationList;
			buildConfigurations = (
				190BA86D216C3B220060CE9A /* Debug */,
				190BA86E216C3B220060CE9A /* Release */,
			);
			defaultConfigurationIsVisible = 0;
			defaultConfigurationName = Release;
		};
/* End XCConfigurationList section */
	};
	rootObject = 190BA852216C3B200060CE9A /* Project object */;
}
